{"1.1.0",
[{<<"epocxy">>,
  {git,"git@github.com:tigertext/epocxy.git",
       {ref,"14dae47dee3d77ed62c773f485b1f2f883a5a89c"}},
  0},
 {<<"goldrush">>,{pkg,<<"goldrush">>,<<"0.1.9">>},1},
 {<<"jsx">>,{pkg,<<"jsx">>,<<"2.8.3">>},0},
 {<<"lager">>,{pkg,<<"lager">>,<<"3.8.0">>},0},
 {<<"meck">>,{pkg,<<"meck">>,<<"0.9.2">>},0}]}.
[
{pkg_hash,[
 {<<"goldrush">>, <<"F06E5D5F1277DA5C413E84D5A2924174182FB108DABB39D5EC548B27424CD106">>},
 {<<"jsx">>, <<"A05252D381885240744D955FBE3CF810504EB2567164824E19303EA59EEF62CF">>},
 {<<"lager">>, <<"3402B9A7E473680CA179FC2F1D827CAB88DD37DD1E6113090C6F45EF05228A1C">>},
 {<<"meck">>, <<"85CCBAB053F1DB86C7CA240E9FC718170EE5BDA03810A6292B5306BF31BAE5F5">>}]}
].
